
Microsoft Visual Studio Solution File, Format Version 12.00
# Visual Studio Version 16
VisualStudioVersion = 16.0.31205.134
MinimumVisualStudioVersion = 10.0.40219.1
Project("{9A19103F-16F7-4668-BE54-9A1E7A4F7556}") = "SplittyTest", "SplittyTest.csproj", "{9DD18F3C-03F5-456B-A5C1-1EA51BC29642}"
EndProject
Project("{FAE04EC0-301F-11D3-BF4B-00C04F79EFBC}") = "SplittyAPIUnitTest", "..\SplittyAPIUnitTest\SplittyAPIUnitTest.csproj", "{3998DC41-CDB7-4CE3-979F-AD5005F9F96B}"
EndProject
Global
	GlobalSection(SolutionConfigurationPlatforms) = preSolution
		Debug|Any CPU = Debug|Any CPU
		Release|Any CPU = Release|Any CPU
	EndGlobalSection
	GlobalSection(ProjectConfigurationPlatforms) = postSolution
		{9DD18F3C-03F5-456B-A5C1-1EA51BC29642}.Debug|Any CPU.ActiveCfg = Debug|Any CPU
		{9DD18F3C-03F5-456B-A5C1-1EA51BC29642}.Debug|Any CPU.Build.0 = Debug|Any CPU
		{9DD18F3C-03F5-456B-A5C1-1EA51BC29642}.Release|Any CPU.ActiveCfg = Release|Any CPU
		{9DD18F3C-03F5-456B-A5C1-1EA51BC29642}.Release|Any CPU.Build.0 = Release|Any CPU
		{3998DC41-CDB7-4CE3-979F-AD5005F9F96B}.Debug|Any CPU.ActiveCfg = Debug|Any CPU
		{3998DC41-CDB7-4CE3-979F-AD5005F9F96B}.Debug|Any CPU.Build.0 = Debug|Any CPU
		{3998DC41-CDB7-4CE3-979F-AD5005F9F96B}.Release|Any CPU.ActiveCfg = Release|Any CPU
		{3998DC41-CDB7-4CE3-979F-AD5005F9F96B}.Release|Any CPU.Build.0 = Release|Any CPU
	EndGlobalSection
	GlobalSection(SolutionProperties) = preSolution
		HideSolutionNode = FALSE
	EndGlobalSection
	GlobalSection(ExtensibilityGlobals) = postSolution
		SolutionGuid = {B8B75ACE-B21A-48B1-8CC6-811184ED2826}
	EndGlobalSection
EndGlobal
